// !$*UTF8*$!
{
	archiveVersion = 1;
	classes = {
	};
	objectVersion = 46;
	objects = {

/* Begin PBXBuildFile section */
		6F88CAF6193FBB91367A8B87 /* Pods_SmartPark.framework in Frameworks */ = {isa = PBXBuildFile; fileRef = D451E3EF521028305DA72C5D /* Pods_SmartPark.framework */; };
		9015F6BC1DB41751007769D1 /* Podfile in Resources */ = {isa = PBXBuildFile; fileRef = 9015F6BB1DB41751007769D1 /* Podfile */; };
		9016D3AA1DD7B2D6005492D5 /* MyAPIClient.swift in Sources */ = {isa = PBXBuildFile; fileRef = 9016D3A31DD7B2D6005492D5 /* MyAPIClient.swift */; };
		9016D3AB1DD7B2D6005492D5 /* SettingsViewController.swift in Sources */ = {isa = PBXBuildFile; fileRef = 9016D3A41DD7B2D6005492D5 /* SettingsViewController.swift */; };
		9016D3AC1DD7B2D6005492D5 /* CheckoutViewController.swift in Sources */ = {isa = PBXBuildFile; fileRef = 9016D3A51DD7B2D6005492D5 /* CheckoutViewController.swift */; };
		9016D3AE1DD7B2D6005492D5 /* Networking.swift in Sources */ = {isa = PBXBuildFile; fileRef = 9016D3A71DD7B2D6005492D5 /* Networking.swift */; };
		9016D3AF1DD7B2D6005492D5 /* CheckoutRowView.swift in Sources */ = {isa = PBXBuildFile; fileRef = 9016D3A81DD7B2D6005492D5 /* CheckoutRowView.swift */; };
		9016D3B01DD7B2D6005492D5 /* Buttons.swift in Sources */ = {isa = PBXBuildFile; fileRef = 9016D3A91DD7B2D6005492D5 /* Buttons.swift */; };
		9016D3B31DD7B53E005492D5 /* PassKit.framework in Frameworks */ = {isa = PBXBuildFile; fileRef = 9016D3B21DD7B53E005492D5 /* PassKit.framework */; };
		90348BB41D56BBF200AACB59 /* AppDelegate.swift in Sources */ = {isa = PBXBuildFile; fileRef = 90348BB31D56BBF200AACB59 /* AppDelegate.swift */; };
		90348BB61D56BBF200AACB59 /* HomeScreen.swift in Sources */ = {isa = PBXBuildFile; fileRef = 90348BB51D56BBF200AACB59 /* HomeScreen.swift */; };
		90348BB91D56BBF200AACB59 /* Main.storyboard in Resources */ = {isa = PBXBuildFile; fileRef = 90348BB71D56BBF200AACB59 /* Main.storyboard */; };
		90348BBB1D56BBF200AACB59 /* Assets.xcassets in Resources */ = {isa = PBXBuildFile; fileRef = 90348BBA1D56BBF200AACB59 /* Assets.xcassets */; };
		90348BBE1D56BBF200AACB59 /* LaunchScreen.storyboard in Resources */ = {isa = PBXBuildFile; fileRef = 90348BBC1D56BBF200AACB59 /* LaunchScreen.storyboard */; };
		90348BC91D56BBF300AACB59 /* SmartParkTests.swift in Sources */ = {isa = PBXBuildFile; fileRef = 90348BC81D56BBF300AACB59 /* SmartParkTests.swift */; };
		90348BD41D56BBF300AACB59 /* SmartParkUITests.swift in Sources */ = {isa = PBXBuildFile; fileRef = 90348BD31D56BBF300AACB59 /* SmartParkUITests.swift */; };
		90348BE61D582D8000AACB59 /* ScannerViewController.swift in Sources */ = {isa = PBXBuildFile; fileRef = 90348BE51D582D8000AACB59 /* ScannerViewController.swift */; };
		90B716F41E138DC4000B29C1 /* Item1.swift in Sources */ = {isa = PBXBuildFile; fileRef = 90B716F31E138DC4000B29C1 /* Item1.swift */; };
		90B716F61E14CB89000B29C1 /* ReportViewController.swift in Sources */ = {isa = PBXBuildFile; fileRef = 90B716F51E14CB89000B29C1 /* ReportViewController.swift */; };
		90E71C921D90EE0700D1F730 /* HomeModel.swift in Sources */ = {isa = PBXBuildFile; fileRef = 90E71C911D90EE0700D1F730 /* HomeModel.swift */; };
/* End PBXBuildFile section */

/* Begin PBXContainerItemProxy section */
		90348BC51D56BBF300AACB59 /* PBXContainerItemProxy */ = {
			isa = PBXContainerItemProxy;
			containerPortal = 90348BA81D56BBF100AACB59 /* Project object */;
			proxyType = 1;
			remoteGlobalIDString = 90348BAF1D56BBF200AACB59;
			remoteInfo = SmartPark;
		};
		90348BD01D56BBF300AACB59 /* PBXContainerItemProxy */ = {
			isa = PBXContainerItemProxy;
			containerPortal = 90348BA81D56BBF100AACB59 /* Project object */;
			proxyType = 1;
			remoteGlobalIDString = 90348BAF1D56BBF200AACB59;
			remoteInfo = SmartPark;
		};
/* End PBXContainerItemProxy section */

/* Begin PBXFileReference section */
		8B3AF20FD1D2DE6156808996 /* Pods-SmartPark.debug.xcconfig */ = {isa = PBXFileReference; includeInIndex = 1; lastKnownFileType = text.xcconfig; name = "Pods-SmartPark.debug.xcconfig"; path = "Pods/Target Support Files/Pods-SmartPark/Pods-SmartPark.debug.xcconfig"; sourceTree = "<group>"; };
		9015F6BB1DB41751007769D1 /* Podfile */ = {isa = PBXFileReference; fileEncoding = 4; lastKnownFileType = text; path = Podfile; sourceTree = "<group>"; xcLanguageSpecificationIdentifier = xcode.lang.ruby; };
		9016D3A31DD7B2D6005492D5 /* MyAPIClient.swift */ = {isa = PBXFileReference; fileEncoding = 4; lastKnownFileType = sourcecode.swift; path = MyAPIClient.swift; sourceTree = "<group>"; };
		9016D3A41DD7B2D6005492D5 /* SettingsViewController.swift */ = {isa = PBXFileReference; fileEncoding = 4; lastKnownFileType = sourcecode.swift; path = SettingsViewController.swift; sourceTree = "<group>"; };
		9016D3A51DD7B2D6005492D5 /* CheckoutViewController.swift */ = {isa = PBXFileReference; fileEncoding = 4; lastKnownFileType = sourcecode.swift; path = CheckoutViewController.swift; sourceTree = "<group>"; };
		9016D3A71DD7B2D6005492D5 /* Networking.swift */ = {isa = PBXFileReference; fileEncoding = 4; lastKnownFileType = sourcecode.swift; path = Networking.swift; sourceTree = "<group>"; };
		9016D3A81DD7B2D6005492D5 /* CheckoutRowView.swift */ = {isa = PBXFileReference; fileEncoding = 4; lastKnownFileType = sourcecode.swift; path = CheckoutRowView.swift; sourceTree = "<group>"; };
		9016D3A91DD7B2D6005492D5 /* Buttons.swift */ = {isa = PBXFileReference; fileEncoding = 4; lastKnownFileType = sourcecode.swift; path = Buttons.swift; sourceTree = "<group>"; };
		9016D3B11DD7B499005492D5 /* SmartPark.entitlements */ = {isa = PBXFileReference; lastKnownFileType = text.plist.entitlements; path = SmartPark.entitlements; sourceTree = "<group>"; };
		9016D3B21DD7B53E005492D5 /* PassKit.framework */ = {isa = PBXFileReference; lastKnownFileType = wrapper.framework; name = PassKit.framework; path = System/Library/Frameworks/PassKit.framework; sourceTree = SDKROOT; };
		90348BB01D56BBF200AACB59 /* SmartPark.app */ = {isa = PBXFileReference; explicitFileType = wrapper.application; includeInIndex = 0; path = SmartPark.app; sourceTree = BUILT_PRODUCTS_DIR; };
		90348BB31D56BBF200AACB59 /* AppDelegate.swift */ = {isa = PBXFileReference; lastKnownFileType = sourcecode.swift; path = AppDelegate.swift; sourceTree = "<group>"; };
		90348BB51D56BBF200AACB59 /* HomeScreen.swift */ = {isa = PBXFileReference; lastKnownFileType = sourcecode.swift; path = HomeScreen.swift; sourceTree = "<group>"; };
		90348BB81D56BBF200AACB59 /* Base */ = {isa = PBXFileReference; lastKnownFileType = file.storyboard; name = Base; path = Base.lproj/Main.storyboard; sourceTree = "<group>"; };
		90348BBA1D56BBF200AACB59 /* Assets.xcassets */ = {isa = PBXFileReference; lastKnownFileType = folder.assetcatalog; path = Assets.xcassets; sourceTree = "<group>"; };
		90348BBD1D56BBF200AACB59 /* Base */ = {isa = PBXFileReference; lastKnownFileType = file.storyboard; name = Base; path = Base.lproj/LaunchScreen.storyboard; sourceTree = "<group>"; };
		90348BBF1D56BBF300AACB59 /* Info.plist */ = {isa = PBXFileReference; lastKnownFileType = text.plist.xml; path = Info.plist; sourceTree = "<group>"; };
		90348BC41D56BBF300AACB59 /* SmartParkTests.xctest */ = {isa = PBXFileReference; explicitFileType = wrapper.cfbundle; includeInIndex = 0; path = SmartParkTests.xctest; sourceTree = BUILT_PRODUCTS_DIR; };
		90348BC81D56BBF300AACB59 /* SmartParkTests.swift */ = {isa = PBXFileReference; lastKnownFileType = sourcecode.swift; path = SmartParkTests.swift; sourceTree = "<group>"; };
		90348BCA1D56BBF300AACB59 /* Info.plist */ = {isa = PBXFileReference; lastKnownFileType = text.plist.xml; path = Info.plist; sourceTree = "<group>"; };
		90348BCF1D56BBF300AACB59 /* SmartParkUITests.xctest */ = {isa = PBXFileReference; explicitFileType = wrapper.cfbundle; includeInIndex = 0; path = SmartParkUITests.xctest; sourceTree = BUILT_PRODUCTS_DIR; };
		90348BD31D56BBF300AACB59 /* SmartParkUITests.swift */ = {isa = PBXFileReference; lastKnownFileType = sourcecode.swift; path = SmartParkUITests.swift; sourceTree = "<group>"; };
		90348BD51D56BBF300AACB59 /* Info.plist */ = {isa = PBXFileReference; lastKnownFileType = text.plist.xml; path = Info.plist; sourceTree = "<group>"; };
		90348BE51D582D8000AACB59 /* ScannerViewController.swift */ = {isa = PBXFileReference; fileEncoding = 4; lastKnownFileType = sourcecode.swift; path = ScannerViewController.swift; sourceTree = "<group>"; };
		90B716F31E138DC4000B29C1 /* Item1.swift */ = {isa = PBXFileReference; fileEncoding = 4; lastKnownFileType = sourcecode.swift; path = Item1.swift; sourceTree = "<group>"; };
		90B716F51E14CB89000B29C1 /* ReportViewController.swift */ = {isa = PBXFileReference; fileEncoding = 4; lastKnownFileType = sourcecode.swift; path = ReportViewController.swift; sourceTree = "<group>"; };
		90E71C911D90EE0700D1F730 /* HomeModel.swift */ = {isa = PBXFileReference; fileEncoding = 4; lastKnownFileType = sourcecode.swift; path = HomeModel.swift; sourceTree = "<group>"; };
		D451E3EF521028305DA72C5D /* Pods_SmartPark.framework */ = {isa = PBXFileReference; explicitFileType = wrapper.framework; includeInIndex = 0; path = Pods_SmartPark.framework; sourceTree = BUILT_PRODUCTS_DIR; };
		F251ECD0301AF6DE161760DC /* Pods-SmartPark.release.xcconfig */ = {isa = PBXFileReference; includeInIndex = 1; lastKnownFileType = text.xcconfig; name = "Pods-SmartPark.release.xcconfig"; path = "Pods/Target Support Files/Pods-SmartPark/Pods-SmartPark.release.xcconfig"; sourceTree = "<group>"; };
/* End PBXFileReference section */

/* Begin PBXFrameworksBuildPhase section */
		90348BAD1D56BBF200AACB59 /* Frameworks */ = {
			isa = PBXFrameworksBuildPhase;
			buildActionMask = 2147483647;
			files = (
				9016D3B31DD7B53E005492D5 /* PassKit.framework in Frameworks */,
				6F88CAF6193FBB91367A8B87 /* Pods_SmartPark.framework in Frameworks */,
			);
			runOnlyForDeploymentPostprocessing = 0;
		};
		90348BC11D56BBF300AACB59 /* Frameworks */ = {
			isa = PBXFrameworksBuildPhase;
			buildActionMask = 2147483647;
			files = (
			);
			runOnlyForDeploymentPostprocessing = 0;
		};
		90348BCC1D56BBF300AACB59 /* Frameworks */ = {
			isa = PBXFrameworksBuildPhase;
			buildActionMask = 2147483647;
			files = (
			);
			runOnlyForDeploymentPostprocessing = 0;
		};
/* End PBXFrameworksBuildPhase section */

/* Begin PBXGroup section */
		90348BA71D56BBF100AACB59 = {
			isa = PBXGroup;
			children = (
				9015F6BB1DB41751007769D1 /* Podfile */,
				90348BB21D56BBF200AACB59 /* SmartPark */,
				90348BC71D56BBF300AACB59 /* SmartParkTests */,
				90348BD21D56BBF300AACB59 /* SmartParkUITests */,
				90348BB11D56BBF200AACB59 /* Products */,
				D2AA97A82FAE7B9BBE12C449 /* Pods */,
				C0385A96C9B5D33152AD27BE /* Frameworks */,
			);
			sourceTree = "<group>";
		};
		90348BB11D56BBF200AACB59 /* Products */ = {
			isa = PBXGroup;
			children = (
				90348BB01D56BBF200AACB59 /* SmartPark.app */,
				90348BC41D56BBF300AACB59 /* SmartParkTests.xctest */,
				90348BCF1D56BBF300AACB59 /* SmartParkUITests.xctest */,
			);
			name = Products;
			sourceTree = "<group>";
		};
		90348BB21D56BBF200AACB59 /* SmartPark */ = {
			isa = PBXGroup;
			children = (
				9016D3B11DD7B499005492D5 /* SmartPark.entitlements */,
				90348BB51D56BBF200AACB59 /* HomeScreen.swift */,
				90348BE51D582D8000AACB59 /* ScannerViewController.swift */,
				9016D3A51DD7B2D6005492D5 /* CheckoutViewController.swift */,
				9016D3A91DD7B2D6005492D5 /* Buttons.swift */,
				90348BB31D56BBF200AACB59 /* AppDelegate.swift */,
				9016D3A31DD7B2D6005492D5 /* MyAPIClient.swift */,
				9016D3A41DD7B2D6005492D5 /* SettingsViewController.swift */,
				9016D3A71DD7B2D6005492D5 /* Networking.swift */,
				9016D3A81DD7B2D6005492D5 /* CheckoutRowView.swift */,
				90E71C911D90EE0700D1F730 /* HomeModel.swift */,
				90348BB71D56BBF200AACB59 /* Main.storyboard */,
				90B716F51E14CB89000B29C1 /* ReportViewController.swift */,
				90B716F31E138DC4000B29C1 /* Item1.swift */,
				90348BBA1D56BBF200AACB59 /* Assets.xcassets */,
				90348BBC1D56BBF200AACB59 /* LaunchScreen.storyboard */,
				90348BBF1D56BBF300AACB59 /* Info.plist */,
			);
			path = SmartPark;
			sourceTree = "<group>";
		};
		90348BC71D56BBF300AACB59 /* SmartParkTests */ = {
			isa = PBXGroup;
			children = (
				90348BC81D56BBF300AACB59 /* SmartParkTests.swift */,
				90348BCA1D56BBF300AACB59 /* Info.plist */,
			);
			path = SmartParkTests;
			sourceTree = "<group>";
		};
		90348BD21D56BBF300AACB59 /* SmartParkUITests */ = {
			isa = PBXGroup;
			children = (
				90348BD31D56BBF300AACB59 /* SmartParkUITests.swift */,
				90348BD51D56BBF300AACB59 /* Info.plist */,
			);
			path = SmartParkUITests;
			sourceTree = "<group>";
		};
		C0385A96C9B5D33152AD27BE /* Frameworks */ = {
			isa = PBXGroup;
			children = (
				9016D3B21DD7B53E005492D5 /* PassKit.framework */,
				D451E3EF521028305DA72C5D /* Pods_SmartPark.framework */,
			);
			name = Frameworks;
			sourceTree = "<group>";
		};
		D2AA97A82FAE7B9BBE12C449 /* Pods */ = {
			isa = PBXGroup;
			children = (
				8B3AF20FD1D2DE6156808996 /* Pods-SmartPark.debug.xcconfig */,
				F251ECD0301AF6DE161760DC /* Pods-SmartPark.release.xcconfig */,
			);
			name = Pods;
			sourceTree = "<group>";
		};
/* End PBXGroup section */

/* Begin PBXNativeTarget section */
		90348BAF1D56BBF200AACB59 /* SmartPark */ = {
			isa = PBXNativeTarget;
			buildConfigurationList = 90348BD81D56BBF300AACB59 /* Build configuration list for PBXNativeTarget "SmartPark" */;
			buildPhases = (
				263CD3C101DF750635BDBB89 /* [CP] Check Pods Manifest.lock */,
				90348BAC1D56BBF200AACB59 /* Sources */,
				90348BAD1D56BBF200AACB59 /* Frameworks */,
				90348BAE1D56BBF200AACB59 /* Resources */,
				173F376EA0A89A671B67FE07 /* [CP] Embed Pods Frameworks */,
				FE43230855F89AA5A75A5694 /* [CP] Copy Pods Resources */,
			);
			buildRules = (
			);
			dependencies = (
			);
			name = SmartPark;
			productName = SmartPark;
			productReference = 90348BB01D56BBF200AACB59 /* SmartPark.app */;
			productType = "com.apple.product-type.application";
		};
		90348BC31D56BBF300AACB59 /* SmartParkTests */ = {
			isa = PBXNativeTarget;
			buildConfigurationList = 90348BDB1D56BBF300AACB59 /* Build configuration list for PBXNativeTarget "SmartParkTests" */;
			buildPhases = (
				90348BC01D56BBF300AACB59 /* Sources */,
				90348BC11D56BBF300AACB59 /* Frameworks */,
				90348BC21D56BBF300AACB59 /* Resources */,
			);
			buildRules = (
			);
			dependencies = (
				90348BC61D56BBF300AACB59 /* PBXTargetDependency */,
			);
			name = SmartParkTests;
			productName = SmartParkTests;
			productReference = 90348BC41D56BBF300AACB59 /* SmartParkTests.xctest */;
			productType = "com.apple.product-type.bundle.unit-test";
		};
		90348BCE1D56BBF300AACB59 /* SmartParkUITests */ = {
			isa = PBXNativeTarget;
			buildConfigurationList = 90348BDE1D56BBF300AACB59 /* Build configuration list for PBXNativeTarget "SmartParkUITests" */;
			buildPhases = (
				90348BCB1D56BBF300AACB59 /* Sources */,
				90348BCC1D56BBF300AACB59 /* Frameworks */,
				90348BCD1D56BBF300AACB59 /* Resources */,
			);
			buildRules = (
			);
			dependencies = (
				90348BD11D56BBF300AACB59 /* PBXTargetDependency */,
			);
			name = SmartParkUITests;
			productName = SmartParkUITests;
			productReference = 90348BCF1D56BBF300AACB59 /* SmartParkUITests.xctest */;
			productType = "com.apple.product-type.bundle.ui-testing";
		};
/* End PBXNativeTarget section */

/* Begin PBXProject section */
		90348BA81D56BBF100AACB59 /* Project object */ = {
			isa = PBXProject;
			attributes = {
				LastSwiftUpdateCheck = 0800;
				LastUpgradeCheck = 0800;
				ORGANIZATIONNAME = "Jose Cordova";
				TargetAttributes = {
					90348BAF1D56BBF200AACB59 = {
						CreatedOnToolsVersion = 8.0;
						DevelopmentTeam = Q8Y835U42W;
						LastSwiftMigration = 0800;
						ProvisioningStyle = Manual;
						SystemCapabilities = {
							com.apple.ApplePay = {
								enabled = 1;
							};
							com.apple.Push = {
								enabled = 1;
							};
							com.apple.Wallet = {
								enabled = 1;
							};
						};
					};
					90348BC31D56BBF300AACB59 = {
						CreatedOnToolsVersion = 8.0;
						DevelopmentTeam = Q8Y835U42W;
						LastSwiftMigration = 0800;
						ProvisioningStyle = Automatic;
						TestTargetID = 90348BAF1D56BBF200AACB59;
					};
					90348BCE1D56BBF300AACB59 = {
						CreatedOnToolsVersion = 8.0;
						DevelopmentTeam = Q8Y835U42W;
						LastSwiftMigration = 0800;
						ProvisioningStyle = Automatic;
						TestTargetID = 90348BAF1D56BBF200AACB59;
					};
				};
			};
			buildConfigurationList = 90348BAB1D56BBF100AACB59 /* Build configuration list for PBXProject "SmartPark" */;
			compatibilityVersion = "Xcode 3.2";
			developmentRegion = English;
			hasScannedForEncodings = 0;
			knownRegions = (
				en,
				Base,
			);
			mainGroup = 90348BA71D56BBF100AACB59;
			productRefGroup = 90348BB11D56BBF200AACB59 /* Products */;
			projectDirPath = "";
			projectRoot = "";
			targets = (
				90348BAF1D56BBF200AACB59 /* SmartPark */,
				90348BC31D56BBF300AACB59 /* SmartParkTests */,
				90348BCE1D56BBF300AACB59 /* SmartParkUITests */,
			);
		};
/* End PBXProject section */

/* Begin PBXResourcesBuildPhase section */
		90348BAE1D56BBF200AACB59 /* Resources */ = {
			isa = PBXResourcesBuildPhase;
			buildActionMask = 2147483647;
			files = (
				90348BBE1D56BBF200AACB59 /* LaunchScreen.storyboard in Resources */,
				90348BBB1D56BBF200AACB59 /* Assets.xcassets in Resources */,
				9015F6BC1DB41751007769D1 /* Podfile in Resources */,
				90348BB91D56BBF200AACB59 /* Main.storyboard in Resources */,
			);
			runOnlyForDeploymentPostprocessing = 0;
		};
		90348BC21D56BBF300AACB59 /* Resources */ = {
			isa = PBXResourcesBuildPhase;
			buildActionMask = 2147483647;
			files = (
			);
			runOnlyForDeploymentPostprocessing = 0;
		};
		90348BCD1D56BBF300AACB59 /* Resources */ = {
			isa = PBXResourcesBuildPhase;
			buildActionMask = 2147483647;
			files = (
			);
			runOnlyForDeploymentPostprocessing = 0;
		};
/* End PBXResourcesBuildPhase section */

/* Begin PBXShellScriptBuildPhase section */
		173F376EA0A89A671B67FE07 /* [CP] Embed Pods Frameworks */ = {
			isa = PBXShellScriptBuildPhase;
			buildActionMask = 2147483647;
			files = (
			);
			inputPaths = (
			);
			name = "[CP] Embed Pods Frameworks";
			outputPaths = (
			);
			runOnlyForDeploymentPostprocessing = 0;
			shellPath = /bin/sh;
			shellScript = "\"${SRCROOT}/Pods/Target Support Files/Pods-SmartPark/Pods-SmartPark-frameworks.sh\"\n";
			showEnvVarsInLog = 0;
		};
		263CD3C101DF750635BDBB89 /* [CP] Check Pods Manifest.lock */ = {
			isa = PBXShellScriptBuildPhase;
			buildActionMask = 2147483647;
			files = (
			);
			inputPaths = (
			);
			name = "[CP] Check Pods Manifest.lock";
			outputPaths = (
			);
			runOnlyForDeploymentPostprocessing = 0;
			shellPath = /bin/sh;
			shellScript = "diff \"${PODS_ROOT}/../Podfile.lock\" \"${PODS_ROOT}/Manifest.lock\" > /dev/null\nif [[ $? != 0 ]] ; then\n    cat << EOM\nerror: The sandbox is not in sync with the Podfile.lock. Run 'pod install' or update your CocoaPods installation.\nEOM\n    exit 1\nfi\n";
			showEnvVarsInLog = 0;
		};
		FE43230855F89AA5A75A5694 /* [CP] Copy Pods Resources */ = {
			isa = PBXShellScriptBuildPhase;
			buildActionMask = 2147483647;
			files = (
			);
			inputPaths = (
			);
			name = "[CP] Copy Pods Resources";
			outputPaths = (
			);
			runOnlyForDeploymentPostprocessing = 0;
			shellPath = /bin/sh;
			shellScript = "\"${SRCROOT}/Pods/Target Support Files/Pods-SmartPark/Pods-SmartPark-resources.sh\"\n";
			showEnvVarsInLog = 0;
		};
/* End PBXShellScriptBuildPhase section */

/* Begin PBXSourcesBuildPhase section */
		90348BAC1D56BBF200AACB59 /* Sources */ = {
			isa = PBXSourcesBuildPhase;
			buildActionMask = 2147483647;
			files = (
				90348BB61D56BBF200AACB59 /* HomeScreen.swift in Sources */,
				90348BE61D582D8000AACB59 /* ScannerViewController.swift in Sources */,
				9016D3AE1DD7B2D6005492D5 /* Networking.swift in Sources */,
				9016D3AF1DD7B2D6005492D5 /* CheckoutRowView.swift in Sources */,
				90B716F41E138DC4000B29C1 /* Item1.swift in Sources */,
				9016D3AA1DD7B2D6005492D5 /* MyAPIClient.swift in Sources */,
				9016D3B01DD7B2D6005492D5 /* Buttons.swift in Sources */,
				90E71C921D90EE0700D1F730 /* HomeModel.swift in Sources */,
				90B716F61E14CB89000B29C1 /* ReportViewController.swift in Sources */,
				90348BB41D56BBF200AACB59 /* AppDelegate.swift in Sources */,
				9016D3AC1DD7B2D6005492D5 /* CheckoutViewController.swift in Sources */,
				9016D3AB1DD7B2D6005492D5 /* SettingsViewController.swift in Sources */,
			);
			runOnlyForDeploymentPostprocessing = 0;
		};
		90348BC01D56BBF300AACB59 /* Sources */ = {
			isa = PBXSourcesBuildPhase;
			buildActionMask = 2147483647;
			files = (
				90348BC91D56BBF300AACB59 /* SmartParkTests.swift in Sources */,
			);
			runOnlyForDeploymentPostprocessing = 0;
		};
		90348BCB1D56BBF300AACB59 /* Sources */ = {
			isa = PBXSourcesBuildPhase;
			buildActionMask = 2147483647;
			files = (
				90348BD41D56BBF300AACB59 /* SmartParkUITests.swift in Sources */,
			);
			runOnlyForDeploymentPostprocessing = 0;
		};
/* End PBXSourcesBuildPhase section */

/* Begin PBXTargetDependency section */
		90348BC61D56BBF300AACB59 /* PBXTargetDependency */ = {
			isa = PBXTargetDependency;
			target = 90348BAF1D56BBF200AACB59 /* SmartPark */;
			targetProxy = 90348BC51D56BBF300AACB59 /* PBXContainerItemProxy */;
		};
		90348BD11D56BBF300AACB59 /* PBXTargetDependency */ = {
			isa = PBXTargetDependency;
			target = 90348BAF1D56BBF200AACB59 /* SmartPark */;
			targetProxy = 90348BD01D56BBF300AACB59 /* PBXContainerItemProxy */;
		};
/* End PBXTargetDependency section */

/* Begin PBXVariantGroup section */
		90348BB71D56BBF200AACB59 /* Main.storyboard */ = {
			isa = PBXVariantGroup;
			children = (
				90348BB81D56BBF200AACB59 /* Base */,
			);
			name = Main.storyboard;
			sourceTree = "<group>";
		};
		90348BBC1D56BBF200AACB59 /* LaunchScreen.storyboard */ = {
			isa = PBXVariantGroup;
			children = (
				90348BBD1D56BBF200AACB59 /* Base */,
			);
			name = LaunchScreen.storyboard;
			sourceTree = "<group>";
		};
/* End PBXVariantGroup section */

/* Begin XCBuildConfiguration section */
		90348BD61D56BBF300AACB59 /* Debug */ = {
			isa = XCBuildConfiguration;
			buildSettings = {
				ALWAYS_SEARCH_USER_PATHS = NO;
				CLANG_ANALYZER_NONNULL = YES;
				CLANG_CXX_LANGUAGE_STANDARD = "gnu++0x";
				CLANG_CXX_LIBRARY = "libc++";
				CLANG_ENABLE_MODULES = YES;
				CLANG_ENABLE_OBJC_ARC = YES;
				CLANG_WARN_BOOL_CONVERSION = YES;
				CLANG_WARN_CONSTANT_CONVERSION = YES;
				CLANG_WARN_DIRECT_OBJC_ISA_USAGE = YES_ERROR;
				CLANG_WARN_DOCUMENTATION_COMMENTS = YES;
				CLANG_WARN_EMPTY_BODY = YES;
				CLANG_WARN_ENUM_CONVERSION = YES;
				CLANG_WARN_INFINITE_RECURSION = YES;
				CLANG_WARN_INT_CONVERSION = YES;
				CLANG_WARN_OBJC_ROOT_CLASS = YES_ERROR;
				CLANG_WARN_SUSPICIOUS_MOVES = YES;
				CLANG_WARN_UNREACHABLE_CODE = YES;
				CLANG_WARN__DUPLICATE_METHOD_MATCH = YES;
				CODE_SIGN_IDENTITY = "iPhone Developer: Jose Cordova Ordoñez (R6WFC8828R)";
				"CODE_SIGN_IDENTITY[sdk=iphoneos*]" = "iPhone Developer: Jose Cordova Ordoñez (R6WFC8828R)";
				COPY_PHASE_STRIP = NO;
				DEBUG_INFORMATION_FORMAT = dwarf;
				ENABLE_STRICT_OBJC_MSGSEND = YES;
				ENABLE_TESTABILITY = YES;
				GCC_C_LANGUAGE_STANDARD = gnu99;
				GCC_DYNAMIC_NO_PIC = NO;
				GCC_NO_COMMON_BLOCKS = YES;
				GCC_OPTIMIZATION_LEVEL = 0;
				GCC_PREPROCESSOR_DEFINITIONS = (
					"DEBUG=1",
					"$(inherited)",
				);
				GCC_WARN_64_TO_32_BIT_CONVERSION = YES;
				GCC_WARN_ABOUT_RETURN_TYPE = YES_ERROR;
				GCC_WARN_UNDECLARED_SELECTOR = YES;
				GCC_WARN_UNINITIALIZED_AUTOS = YES_AGGRESSIVE;
				GCC_WARN_UNUSED_FUNCTION = YES;
				GCC_WARN_UNUSED_VARIABLE = YES;
				IPHONEOS_DEPLOYMENT_TARGET = 10.0;
				MTL_ENABLE_DEBUG_INFO = YES;
				ONLY_ACTIVE_ARCH = YES;
				PROVISIONING_PROFILE = "26adf4f2-b84d-4eea-b9df-5fe7d53d331f";
				SDKROOT = iphoneos;
				SWIFT_ACTIVE_COMPILATION_CONDITIONS = DEBUG;
				SWIFT_OPTIMIZATION_LEVEL = "-Onone";
				TARGETED_DEVICE_FAMILY = "1,2";
			};
			name = Debug;
		};
		90348BD71D56BBF300AACB59 /* Release */ = {
			isa = XCBuildConfiguration;
			buildSettings = {
				ALWAYS_SEARCH_USER_PATHS = NO;
				CLANG_ANALYZER_NONNULL = YES;
				CLANG_CXX_LANGUAGE_STANDARD = "gnu++0x";
				CLANG_CXX_LIBRARY = "libc++";
				CLANG_ENABLE_MODULES = YES;
				CLANG_ENABLE_OBJC_ARC = YES;
				CLANG_WARN_BOOL_CONVERSION = YES;
				CLANG_WARN_CONSTANT_CONVERSION = YES;
				CLANG_WARN_DIRECT_OBJC_ISA_USAGE = YES_ERROR;
				CLANG_WARN_DOCUMENTATION_COMMENTS = YES;
				CLANG_WARN_EMPTY_BODY = YES;
				CLANG_WARN_ENUM_CONVERSION = YES;
				CLANG_WARN_INFINITE_RECURSION = YES;
				CLANG_WARN_INT_CONVERSION = YES;
				CLANG_WARN_OBJC_ROOT_CLASS = YES_ERROR;
				CLANG_WARN_SUSPICIOUS_MOVES = YES;
				CLANG_WARN_UNREACHABLE_CODE = YES;
				CLANG_WARN__DUPLICATE_METHOD_MATCH = YES;
				CODE_SIGN_IDENTITY = "iPhone Developer: Jose Cordova Ordoñez (R6WFC8828R)";
				"CODE_SIGN_IDENTITY[sdk=iphoneos*]" = "iPhone Developer: Jose Cordova Ordoñez (R6WFC8828R)";
				COPY_PHASE_STRIP = NO;
				DEBUG_INFORMATION_FORMAT = "dwarf-with-dsym";
				ENABLE_NS_ASSERTIONS = NO;
				ENABLE_STRICT_OBJC_MSGSEND = YES;
				GCC_C_LANGUAGE_STANDARD = gnu99;
				GCC_NO_COMMON_BLOCKS = YES;
				GCC_WARN_64_TO_32_BIT_CONVERSION = YES;
				GCC_WARN_ABOUT_RETURN_TYPE = YES_ERROR;
				GCC_WARN_UNDECLARED_SELECTOR = YES;
				GCC_WARN_UNINITIALIZED_AUTOS = YES_AGGRESSIVE;
				GCC_WARN_UNUSED_FUNCTION = YES;
				GCC_WARN_UNUSED_VARIABLE = YES;
				IPHONEOS_DEPLOYMENT_TARGET = 10.0;
				MTL_ENABLE_DEBUG_INFO = NO;
				SDKROOT = iphoneos;
				SWIFT_OPTIMIZATION_LEVEL = "-Owholemodule";
				TARGETED_DEVICE_FAMILY = "1,2";
				VALIDATE_PRODUCT = YES;
			};
			name = Release;
		};
		90348BD91D56BBF300AACB59 /* Debug */ = {
			isa = XCBuildConfiguration;
			baseConfigurationReference = 8B3AF20FD1D2DE6156808996 /* Pods-SmartPark.debug.xcconfig */;
			buildSettings = {
				ASSETCATALOG_COMPILER_APPICON_NAME = AppIcon;
				CODE_SIGN_ENTITLEMENTS = SmartPark/SmartPark.entitlements;
				CODE_SIGN_IDENTITY = "iPhone Developer: Jose Cordova Ordoñez (R6WFC8828R)";
				DEVELOPMENT_TEAM = Q8Y835U42W;
				GCC_GENERATE_TEST_COVERAGE_FILES = NO;
				INFOPLIST_FILE = SmartPark/Info.plist;
				IPHONEOS_DEPLOYMENT_TARGET = 10.2;
				LD_RUNPATH_SEARCH_PATHS = "$(inherited) @executable_path/Frameworks";
				PRODUCT_BUNDLE_IDENTIFIER = com.JCordova.SmartPark;
				PRODUCT_NAME = "$(TARGET_NAME)";
				PROVISIONING_PROFILE = "26adf4f2-b84d-4eea-b9df-5fe7d53d331f";
				PROVISIONING_PROFILE_SPECIFIER = "SmartPark Development Profile";
				SWIFT_VERSION = 3.0;
			};
			name = Debug;
		};
		90348BDA1D56BBF300AACB59 /* Release */ = {
			isa = XCBuildConfiguration;
			baseConfigurationReference = F251ECD0301AF6DE161760DC /* Pods-SmartPark.release.xcconfig */;
			buildSettings = {
				ASSETCATALOG_COMPILER_APPICON_NAME = AppIcon;
				CODE_SIGN_ENTITLEMENTS = SmartPark/SmartPark.entitlements;
				CODE_SIGN_IDENTITY = "iPhone Distribution: Jose Cordova Ordoñez (Q8Y835U42W)";
				DEVELOPMENT_TEAM = Q8Y835U42W;
				GCC_GENERATE_TEST_COVERAGE_FILES = NO;
				INFOPLIST_FILE = SmartPark/Info.plist;
				IPHONEOS_DEPLOYMENT_TARGET = 10.2;
				LD_RUNPATH_SEARCH_PATHS = "$(inherited) @executable_path/Frameworks";
				PRODUCT_BUNDLE_IDENTIFIER = com.JCordova.SmartPark;
				PRODUCT_NAME = "$(TARGET_NAME)";
				PROVISIONING_PROFILE = "9cfa69f6-7af6-43d3-9159-50251ad4b6b6";
				PROVISIONING_PROFILE_SPECIFIER = "SmartPark Distribution";
				SWIFT_VERSION = 3.0;
			};
			name = Release;
		};
		90348BDC1D56BBF300AACB59 /* Debug */ = {
			isa = XCBuildConfiguration;
			buildSettings = {
				BUNDLE_LOADER = "$(TEST_HOST)";
				DEVELOPMENT_TEAM = Q8Y835U42W;
				INFOPLIST_FILE = SmartParkTests/Info.plist;
				LD_RUNPATH_SEARCH_PATHS = "$(inherited) @executable_path/Frameworks @loader_path/Frameworks";
				PRODUCT_BUNDLE_IDENTIFIER = com.JCordova.SmartParkTests;
				PRODUCT_NAME = "$(TARGET_NAME)";
				SWIFT_VERSION = 3.0;
				TEST_HOST = "$(BUILT_PRODUCTS_DIR)/SmartPark.app/SmartPark";
			};
			name = Debug;
		};
		90348BDD1D56BBF300AACB59 /* Release */ = {
			isa = XCBuildConfiguration;
			buildSettings = {
				BUNDLE_LOADER = "$(TEST_HOST)";
				DEVELOPMENT_TEAM = Q8Y835U42W;
				INFOPLIST_FILE = SmartParkTests/Info.plist;
				LD_RUNPATH_SEARCH_PATHS = "$(inherited) @executable_path/Frameworks @loader_path/Frameworks";
				PRODUCT_BUNDLE_IDENTIFIER = com.JCordova.SmartParkTests;
				PRODUCT_NAME = "$(TARGET_NAME)";
				SWIFT_VERSION = 3.0;
				TEST_HOST = "$(BUILT_PRODUCTS_DIR)/SmartPark.app/SmartPark";
			};
			name = Release;
		};
		90348BDF1D56BBF300AACB59 /* Debug */ = {
			isa = XCBuildConfiguration;
			buildSettings = {
				DEVELOPMENT_TEAM = Q8Y835U42W;
				INFOPLIST_FILE = SmartParkUITests/Info.plist;
				LD_RUNPATH_SEARCH_PATHS = "$(inherited) @executable_path/Frameworks @loader_path/Frameworks";
				PRODUCT_BUNDLE_IDENTIFIER = com.JCordova.SmartParkUITests;
				PRODUCT_NAME = "$(TARGET_NAME)";
				SWIFT_VERSION = 3.0;
				TEST_TARGET_NAME = SmartPark;
			};
			name = Debug;
		};
		90348BE01D56BBF300AACB59 /* Release */ = {
			isa = XCBuildConfiguration;
			buildSettings = {
				DEVELOPMENT_TEAM = Q8Y835U42W;
				INFOPLIST_FILE = SmartParkUITests/Info.plist;
				LD_RUNPATH_SEARCH_PATHS = "$(inherited) @executable_path/Frameworks @loader_path/Frameworks";
				PRODUCT_BUNDLE_IDENTIFIER = com.JCordova.SmartParkUITests;
				PRODUCT_NAME = "$(TARGET_NAME)";
				SWIFT_VERSION = 3.0;
				TEST_TARGET_NAME = SmartPark;
			};
			name = Release;
		};
/* End XCBuildConfiguration section */

/* Begin XCConfigurationList section */
		90348BAB1D56BBF100AACB59 /* Build configuration list for PBXProject "SmartPark" */ = {
			isa = XCConfigurationList;
			buildConfigurations = (
				90348BD61D56BBF300AACB59 /* Debug */,
				90348BD71D56BBF300AACB59 /* Release */,
			);
			defaultConfigurationIsVisible = 0;
			defaultConfigurationName = Release;
		};
		90348BD81D56BBF300AACB59 /* Build configuration list for PBXNativeTarget "SmartPark" */ = {
			isa = XCConfigurationList;
			buildConfigurations = (
				90348BD91D56BBF300AACB59 /* Debug */,
				90348BDA1D56BBF300AACB59 /* Release */,
			);
			defaultConfigurationIsVisible = 0;
			defaultConfigurationName = Release;
		};
		90348BDB1D56BBF300AACB59 /* Build configuration list for PBXNativeTarget "SmartParkTests" */ = {
			isa = XCConfigurationList;
			buildConfigurations = (
				90348BDC1D56BBF300AACB59 /* Debug */,
				90348BDD1D56BBF300AACB59 /* Release */,
			);
			defaultConfigurationIsVisible = 0;
			defaultConfigurationName = Release;
		};
		90348BDE1D56BBF300AACB59 /* Build configuration list for PBXNativeTarget "SmartParkUITests" */ = {
			isa = XCConfigurationList;
			buildConfigurations = (
				90348BDF1D56BBF300AACB59 /* Debug */,
				90348BE01D56BBF300AACB59 /* Release */,
			);
			defaultConfigurationIsVisible = 0;
			defaultConfigurationName = Release;
		};
/* End XCConfigurationList section */
	};
	rootObject = 90348BA81D56BBF100AACB59 /* Project object */;
}
